
Microsoft Visual Studio Solution File, Format Version 12.00
# Visual Studio 15
VisualStudioVersion = 15.0.28307.539
MinimumVisualStudioVersion = 10.0.40219.1
Project("{FAE04EC0-301F-11D3-BF4B-00C04F79EFBC}") = "WebApp", "WebApp\WebApp.csproj", "{EF01E8A0-5633-4768-BC01-BDC3E0F418CA}"
EndProject
Project("{00D1A9C2-B5F0-4AF3-8072-F6C62B433612}") = "WebAppDatabase", "WebAppDatabase\WebAppDatabase.sqlproj", "{88ADD0F8-1FE0-4F64-B386-33FF007133F6}"
EndProject
Project("{151D2E53-A2C4-4D7D-83FE-D05416EBD58E}") = "AzureResourceGroup1", "AzureResourceGroup1\AzureResourceGroup1.deployproj", "{6EF4C452-4C1D-4DE5-ADF4-95531F8731AD}"
EndProject
Global
	GlobalSection(SolutionConfigurationPlatforms) = preSolution
		Debug|Any CPU = Debug|Any CPU
		Release|Any CPU = Release|Any CPU
	EndGlobalSection
	GlobalSection(ProjectConfigurationPlatforms) = postSolution
		{EF01E8A0-5633-4768-BC01-BDC3E0F418CA}.Debug|Any CPU.ActiveCfg = Debug|Any CPU
		{EF01E8A0-5633-4768-BC01-BDC3E0F418CA}.Debug|Any CPU.Build.0 = Debug|Any CPU
		{EF01E8A0-5633-4768-BC01-BDC3E0F418CA}.Release|Any CPU.ActiveCfg = Release|Any CPU
		{EF01E8A0-5633-4768-BC01-BDC3E0F418CA}.Release|Any CPU.Build.0 = Release|Any CPU
		{88ADD0F8-1FE0-4F64-B386-33FF007133F6}.Debug|Any CPU.ActiveCfg = Debug|Any CPU
		{88ADD0F8-1FE0-4F64-B386-33FF007133F6}.Debug|Any CPU.Build.0 = Debug|Any CPU
		{88ADD0F8-1FE0-4F64-B386-33FF007133F6}.Debug|Any CPU.Deploy.0 = Debug|Any CPU
		{88ADD0F8-1FE0-4F64-B386-33FF007133F6}.Release|Any CPU.ActiveCfg = Release|Any CPU
		{88ADD0F8-1FE0-4F64-B386-33FF007133F6}.Release|Any CPU.Build.0 = Release|Any CPU
		{88ADD0F8-1FE0-4F64-B386-33FF007133F6}.Release|Any CPU.Deploy.0 = Release|Any CPU
		{6EF4C452-4C1D-4DE5-ADF4-95531F8731AD}.Debug|Any CPU.ActiveCfg = Debug|Any CPU
		{6EF4C452-4C1D-4DE5-ADF4-95531F8731AD}.Debug|Any CPU.Build.0 = Debug|Any CPU
		{6EF4C452-4C1D-4DE5-ADF4-95531F8731AD}.Release|Any CPU.ActiveCfg = Release|Any CPU
		{6EF4C452-4C1D-4DE5-ADF4-95531F8731AD}.Release|Any CPU.Build.0 = Release|Any CPU
	EndGlobalSection
	GlobalSection(SolutionProperties) = preSolution
		HideSolutionNode = FALSE
	EndGlobalSection
	GlobalSection(ExtensibilityGlobals) = postSolution
		SolutionGuid = {1A2D63AA-ECD3-4DF7-BA46-0B1030145108}
	EndGlobalSection
EndGlobal
